{
	"name": "lunch-money-exporter",
	"lockfileVersion": 3,
	"requires": true,
	"packages": {
		"": {
			"name": "lunch-money-exporter",
			"dependencies": {
				"export-to-csv": "^1.4.0"
			},
			"devDependencies": {
				"@biomejs/biome": "2.3.5",
				"@types/bun": "latest",
				"lefthook": "^2.0.3"
			},
			"peerDependencies": {
				"typescript": "^5"
			}
		},
		"node_modules/@biomejs/biome": {
			"version": "2.3.5",
			"dev": true,
			"license": "MIT OR Apache-2.0",
			"bin": {
				"biome": "bin/biome"
			},
			"engines": {
				"node": ">=14.21.3"
			},
			"funding": {
				"type": "opencollective",
				"url": "https://opencollective.com/biome"
			},
			"optionalDependencies": {
				"@biomejs/cli-darwin-arm64": "2.3.5",
				"@biomejs/cli-darwin-x64": "2.3.5",
				"@biomejs/cli-linux-arm64": "2.3.5",
				"@biomejs/cli-linux-arm64-musl": "2.3.5",
				"@biomejs/cli-linux-x64": "2.3.5",
				"@biomejs/cli-linux-x64-musl": "2.3.5",
				"@biomejs/cli-win32-arm64": "2.3.5",
				"@biomejs/cli-win32-x64": "2.3.5"
			}
		},
		"node_modules/@biomejs/cli-darwin-arm64": {
			"version": "2.3.5",
			"cpu": [
				"arm64"
			],
			"dev": true,
			"license": "MIT OR Apache-2.0",
			"optional": true,
			"os": [
				"darwin"
			],
			"engines": {
				"node": ">=14.21.3"
			}
		},
		"node_modules/@types/bun": {
			"version": "1.3.2",
			"resolved": "https://registry.npmjs.org/@types/bun/-/bun-1.3.2.tgz",
			"integrity": "sha512-t15P7k5UIgHKkxwnMNkJbWlh/617rkDGEdSsDbu+qNHTaz9SKf7aC8fiIlUdD5RPpH6GEkP0cK7WlvmrEBRtWg==",
			"dev": true,
			"license": "MIT",
			"dependencies": {
				"bun-types": "1.3.2"
			}
		},
		"node_modules/@types/node": {
			"version": "24.10.1",
			"dev": true,
			"license": "MIT",
			"dependencies": {
				"undici-types": "~7.16.0"
			}
		},
		"node_modules/@types/react": {
			"version": "19.2.4",
			"dev": true,
			"license": "MIT",
			"peer": true,
			"dependencies": {
				"csstype": "^3.0.2"
			}
		},
		"node_modules/bun-types": {
			"version": "1.3.2",
			"dev": true,
			"license": "MIT",
			"dependencies": {
				"@types/node": "*"
			},
			"peerDependencies": {
				"@types/react": "^19"
			}
		},
		"node_modules/csstype": {
			"version": "3.1.3",
			"dev": true,
			"license": "MIT",
			"peer": true
		},
		"node_modules/export-to-csv": {
			"version": "1.4.0",
			"resolved": "https://registry.npmjs.org/export-to-csv/-/export-to-csv-1.4.0.tgz",
			"integrity": "sha512-6CX17Cu+rC2Fi2CyZ4CkgVG3hLl6BFsdAxfXiZkmDFIDY4mRx2y2spdeH6dqPHI9rP+AsHEfGeKz84Uuw7+Pmg==",
			"license": "MIT",
			"engines": {
				"node": "^v12.20.0 || >=v14.13.0"
			}
		},
		"node_modules/lefthook": {
			"version": "2.0.3",
			"dev": true,
			"hasInstallScript": true,
			"license": "MIT",
			"bin": {
				"lefthook": "bin/index.js"
			},
			"optionalDependencies": {
				"lefthook-darwin-arm64": "2.0.3",
				"lefthook-darwin-x64": "2.0.3",
				"lefthook-freebsd-arm64": "2.0.3",
				"lefthook-freebsd-x64": "2.0.3",
				"lefthook-linux-arm64": "2.0.3",
				"lefthook-linux-x64": "2.0.3",
				"lefthook-openbsd-arm64": "2.0.3",
				"lefthook-openbsd-x64": "2.0.3",
				"lefthook-windows-arm64": "2.0.3",
				"lefthook-windows-x64": "2.0.3"
			}
		},
		"node_modules/lefthook-darwin-arm64": {
			"version": "2.0.3",
			"cpu": [
				"arm64"
			],
			"dev": true,
			"license": "MIT",
			"optional": true,
			"os": [
				"darwin"
			]
		},
		"node_modules/typescript": {
			"version": "5.9.3",
			"license": "Apache-2.0",
			"peer": true,
			"bin": {
				"tsc": "bin/tsc",
				"tsserver": "bin/tsserver"
			},
			"engines": {
				"node": ">=14.17"
			}
		},
		"node_modules/undici-types": {
			"version": "7.16.0",
			"dev": true,
			"license": "MIT"
		}
	}
}
